// !$*UTF8*$!
{
	archiveVersion = 1;
	classes = {
	};
	objectVersion = 46;
	objects = {

/* Begin PBXBuildFile section */
		18FEDDAC1F540CB000AFC0B3 /* AppDelegate.swift in Sources */ = {isa = PBXBuildFile; fileRef = 18FEDDAB1F540CB000AFC0B3 /* AppDelegate.swift */; };
		18FEDDAE1F540CB000AFC0B3 /* ViewController.swift in Sources */ = {isa = PBXBuildFile; fileRef = 18FEDDAD1F540CB000AFC0B3 /* ViewController.swift */; };
		18FEDDB11F540CB000AFC0B3 /* Main.storyboard in Resources */ = {isa = PBXBuildFile; fileRef = 18FEDDAF1F540CB000AFC0B3 /* Main.storyboard */; };
		18FEDDB31F540CB000AFC0B3 /* Assets.xcassets in Resources */ = {isa = PBXBuildFile; fileRef = 18FEDDB21F540CB000AFC0B3 /* Assets.xcassets */; };
		18FEDDB61F540CB000AFC0B3 /* LaunchScreen.storyboard in Resources */ = {isa = PBXBuildFile; fileRef = 18FEDDB41F540CB000AFC0B3 /* LaunchScreen.storyboard */; };
		18FEDDBF1F540CE700AFC0B3 /* AZGradientView.swift in Sources */ = {isa = PBXBuildFile; fileRef = 18FEDDBE1F540CE700AFC0B3 /* AZGradientView.swift */; };
		18FEDDC11F540D1300AFC0B3 /* AZHorizontalGradientView.swift in Sources */ = {isa = PBXBuildFile; fileRef = 18FEDDC01F540D1300AFC0B3 /* AZHorizontalGradientView.swift */; };
		18FEDDC31F540D3200AFC0B3 /* AZVerticalGradientView.swift in Sources */ = {isa = PBXBuildFile; fileRef = 18FEDDC21F540D3200AFC0B3 /* AZVerticalGradientView.swift */; };
/* End PBXBuildFile section */

/* Begin PBXFileReference section */
		18FEDDA81F540CB000AFC0B3 /* AZGradientViewSample.app */ = {isa = PBXFileReference; explicitFileType = wrapper.application; includeInIndex = 0; path = AZGradientViewSample.app; sourceTree = BUILT_PRODUCTS_DIR; };
		18FEDDAB1F540CB000AFC0B3 /* AppDelegate.swift */ = {isa = PBXFileReference; lastKnownFileType = sourcecode.swift; path = AppDelegate.swift; sourceTree = "<group>"; };
		18FEDDAD1F540CB000AFC0B3 /* ViewController.swift */ = {isa = PBXFileReference; lastKnownFileType = sourcecode.swift; path = ViewController.swift; sourceTree = "<group>"; };
		18FEDDB01F540CB000AFC0B3 /* Base */ = {isa = PBXFileReference; lastKnownFileType = file.storyboard; name = Base; path = Base.lproj/Main.storyboard; sourceTree = "<group>"; };
		18FEDDB21F540CB000AFC0B3 /* Assets.xcassets */ = {isa = PBXFileReference; lastKnownFileType = folder.assetcatalog; path = Assets.xcassets; sourceTree = "<group>"; };
		18FEDDB51F540CB000AFC0B3 /* Base */ = {isa = PBXFileReference; lastKnownFileType = file.storyboard; name = Base; path = Base.lproj/LaunchScreen.storyboard; sourceTree = "<group>"; };
		18FEDDB71F540CB000AFC0B3 /* Info.plist */ = {isa = PBXFileReference; lastKnownFileType = text.plist.xml; path = Info.plist; sourceTree = "<group>"; };
		18FEDDBE1F540CE700AFC0B3 /* AZGradientView.swift */ = {isa = PBXFileReference; fileEncoding = 4; lastKnownFileType = sourcecode.swift; path = AZGradientView.swift; sourceTree = "<group>"; };
		18FEDDC01F540D1300AFC0B3 /* AZHorizontalGradientView.swift */ = {isa = PBXFileReference; fileEncoding = 4; lastKnownFileType = sourcecode.swift; path = AZHorizontalGradientView.swift; sourceTree = "<group>"; };
		18FEDDC21F540D3200AFC0B3 /* AZVerticalGradientView.swift */ = {isa = PBXFileReference; fileEncoding = 4; lastKnownFileType = sourcecode.swift; path = AZVerticalGradientView.swift; sourceTree = "<group>"; };
/* End PBXFileReference section */

/* Begin PBXFrameworksBuildPhase section */
		18FEDDA51F540CB000AFC0B3 /* Frameworks */ = {
			isa = PBXFrameworksBuildPhase;
			buildActionMask = 2147483647;
			files = (
			);
			runOnlyForDeploymentPostprocessing = 0;
		};
/* End PBXFrameworksBuildPhase section */

/* Begin PBXGroup section */
		18FEDD9F1F540CB000AFC0B3 = {
			isa = PBXGroup;
			children = (
				18FEDDAA1F540CB000AFC0B3 /* AZGradientViewSample */,
				18FEDDA91F540CB000AFC0B3 /* Products */,
			);
			sourceTree = "<group>";
		};
		18FEDDA91F540CB000AFC0B3 /* Products */ = {
			isa = PBXGroup;
			children = (
				18FEDDA81F540CB000AFC0B3 /* AZGradientViewSample.app */,
			);
			name = Products;
			sourceTree = "<group>";
		};
		18FEDDAA1F540CB000AFC0B3 /* AZGradientViewSample */ = {
			isa = PBXGroup;
			children = (
				18FEDDBD1F540CD400AFC0B3 /* classes */,
				18FEDDAB1F540CB000AFC0B3 /* AppDelegate.swift */,
				18FEDDAD1F540CB000AFC0B3 /* ViewController.swift */,
				18FEDDAF1F540CB000AFC0B3 /* Main.storyboard */,
				18FEDDB21F540CB000AFC0B3 /* Assets.xcassets */,
				18FEDDB41F540CB000AFC0B3 /* LaunchScreen.storyboard */,
				18FEDDB71F540CB000AFC0B3 /* Info.plist */,
			);
			path = AZGradientViewSample;
			sourceTree = "<group>";
		};
		18FEDDBD1F540CD400AFC0B3 /* classes */ = {
			isa = PBXGroup;
			children = (
				18FEDDBE1F540CE700AFC0B3 /* AZGradientView.swift */,
				18FEDDC21F540D3200AFC0B3 /* AZVerticalGradientView.swift */,
				18FEDDC01F540D1300AFC0B3 /* AZHorizontalGradientView.swift */,
			);
			path = classes;
			sourceTree = "<group>";
		};
/* End PBXGroup section */

/* Begin PBXNativeTarget section */
		18FEDDA71F540CB000AFC0B3 /* AZGradientViewSample */ = {
			isa = PBXNativeTarget;
			buildConfigurationList = 18FEDDBA1F540CB000AFC0B3 /* Build configuration list for PBXNativeTarget "AZGradientViewSample" */;
			buildPhases = (
				18FEDDA41F540CB000AFC0B3 /* Sources */,
				18FEDDA51F540CB000AFC0B3 /* Frameworks */,
				18FEDDA61F540CB000AFC0B3 /* Resources */,
			);
			buildRules = (
			);
			dependencies = (
			);
			name = AZGradientViewSample;
			productName = AZGradientViewSample;
			productReference = 18FEDDA81F540CB000AFC0B3 /* AZGradientViewSample.app */;
			productType = "com.apple.product-type.application";
		};
/* End PBXNativeTarget section */

/* Begin PBXProject section */
		18FEDDA01F540CB000AFC0B3 /* Project object */ = {
			isa = PBXProject;
			attributes = {
				LastSwiftUpdateCheck = 0830;
				LastUpgradeCheck = 0830;
				ORGANIZATIONNAME = "Ali Azadeh";
				TargetAttributes = {
					18FEDDA71F540CB000AFC0B3 = {
						CreatedOnToolsVersion = 8.3.3;
						ProvisioningStyle = Automatic;
					};
				};
			};
			buildConfigurationList = 18FEDDA31F540CB000AFC0B3 /* Build configuration list for PBXProject "AZGradientViewSample" */;
			compatibilityVersion = "Xcode 3.2";
			developmentRegion = English;
			hasScannedForEncodings = 0;
			knownRegions = (
				en,
				Base,
			);
			mainGroup = 18FEDD9F1F540CB000AFC0B3;
			productRefGroup = 18FEDDA91F540CB000AFC0B3 /* Products */;
			projectDirPath = "";
			projectRoot = "";
			targets = (
				18FEDDA71F540CB000AFC0B3 /* AZGradientViewSample */,
			);
		};
/* End PBXProject section */

/* Begin PBXResourcesBuildPhase section */
		18FEDDA61F540CB000AFC0B3 /* Resources */ = {
			isa = PBXResourcesBuildPhase;
			buildActionMask = 2147483647;
			files = (
				18FEDDB61F540CB000AFC0B3 /* LaunchScreen.storyboard in Resources */,
				18FEDDB31F540CB000AFC0B3 /* Assets.xcassets in Resources */,
				18FEDDB11F540CB000AFC0B3 /* Main.storyboard in Resources */,
			);
			runOnlyForDeploymentPostprocessing = 0;
		};
/* End PBXResourcesBuildPhase section */

/* Begin PBXSourcesBuildPhase section */
		18FEDDA41F540CB000AFC0B3 /* Sources */ = {
			isa = PBXSourcesBuildPhase;
			buildActionMask = 2147483647;
			files = (
				18FEDDC31F540D3200AFC0B3 /* AZVerticalGradientView.swift in Sources */,
				18FEDDAE1F540CB000AFC0B3 /* ViewController.swift in Sources */,
				18FEDDBF1F540CE700AFC0B3 /* AZGradientView.swift in Sources */,
				18FEDDAC1F540CB000AFC0B3 /* AppDelegate.swift in Sources */,
				18FEDDC11F540D1300AFC0B3 /* AZHorizontalGradientView.swift in Sources */,
			);
			runOnlyForDeploymentPostprocessing = 0;
		};
/* End PBXSourcesBuildPhase section */

/* Begin PBXVariantGroup section */
		18FEDDAF1F540CB000AFC0B3 /* Main.storyboard */ = {
			isa = PBXVariantGroup;
			children = (
				18FEDDB01F540CB000AFC0B3 /* Base */,
			);
			name = Main.storyboard;
			sourceTree = "<group>";
		};
		18FEDDB41F540CB000AFC0B3 /* LaunchScreen.storyboard */ = {
			isa = PBXVariantGroup;
			children = (
				18FEDDB51F540CB000AFC0B3 /* Base */,
			);
			name = LaunchScreen.storyboard;
			sourceTree = "<group>";
		};
/* End PBXVariantGroup section */

/* Begin XCBuildConfiguration section */
		18FEDDB81F540CB000AFC0B3 /* Debug */ = {
			isa = XCBuildConfiguration;
			buildSettings = {
				ALWAYS_SEARCH_USER_PATHS = NO;
				CLANG_ANALYZER_NONNULL = YES;
				CLANG_ANALYZER_NUMBER_OBJECT_CONVERSION = YES_AGGRESSIVE;
				CLANG_CXX_LANGUAGE_STANDARD = "gnu++0x";
				CLANG_CXX_LIBRARY = "libc++";
				CLANG_ENABLE_MODULES = YES;
				CLANG_ENABLE_OBJC_ARC = YES;
				CLANG_WARN_BOOL_CONVERSION = YES;
				CLANG_WARN_CONSTANT_CONVERSION = YES;
				CLANG_WARN_DIRECT_OBJC_ISA_USAGE = YES_ERROR;
				CLANG_WARN_DOCUMENTATION_COMMENTS = YES;
				CLANG_WARN_EMPTY_BODY = YES;
				CLANG_WARN_ENUM_CONVERSION = YES;
				CLANG_WARN_INFINITE_RECURSION = YES;
				CLANG_WARN_INT_CONVERSION = YES;
				CLANG_WARN_OBJC_ROOT_CLASS = YES_ERROR;
				CLANG_WARN_SUSPICIOUS_MOVE = YES;
				CLANG_WARN_UNREACHABLE_CODE = YES;
				CLANG_WARN__DUPLICATE_METHOD_MATCH = YES;
				"CODE_SIGN_IDENTITY[sdk=iphoneos*]" = "iPhone Developer";
				COPY_PHASE_STRIP = NO;
				DEBUG_INFORMATION_FORMAT = dwarf;
				ENABLE_STRICT_OBJC_MSGSEND = YES;
				ENABLE_TESTABILITY = YES;
				GCC_C_LANGUAGE_STANDARD = gnu99;
				GCC_DYNAMIC_NO_PIC = NO;
				GCC_NO_COMMON_BLOCKS = YES;
				GCC_OPTIMIZATION_LEVEL = 0;
				GCC_PREPROCESSOR_DEFINITIONS = (
					"DEBUG=1",
					"$(inherited)",
				);
				GCC_WARN_64_TO_32_BIT_CONVERSION = YES;
				GCC_WARN_ABOUT_RETURN_TYPE = YES_ERROR;
				GCC_WARN_UNDECLARED_SELECTOR = YES;
				GCC_WARN_UNINITIALIZED_AUTOS = YES_AGGRESSIVE;
				GCC_WARN_UNUSED_FUNCTION = YES;
				GCC_WARN_UNUSED_VARIABLE = YES;
				IPHONEOS_DEPLOYMENT_TARGET = 10.3;
				MTL_ENABLE_DEBUG_INFO = YES;
				ONLY_ACTIVE_ARCH = YES;
				SDKROOT = iphoneos;
				SWIFT_ACTIVE_COMPILATION_CONDITIONS = DEBUG;
				SWIFT_OPTIMIZATION_LEVEL = "-Onone";
				TARGETED_DEVICE_FAMILY = "1,2";
			};
			name = Debug;
		};
		18FEDDB91F540CB000AFC0B3 /* Release */ = {
			isa = XCBuildConfiguration;
			buildSettings = {
				ALWAYS_SEARCH_USER_PATHS = NO;
				CLANG_ANALYZER_NONNULL = YES;
				CLANG_ANALYZER_NUMBER_OBJECT_CONVERSION = YES_AGGRESSIVE;
				CLANG_CXX_LANGUAGE_STANDARD = "gnu++0x";
				CLANG_CXX_LIBRARY = "libc++";
				CLANG_ENABLE_MODULES = YES;
				CLANG_ENABLE_OBJC_ARC = YES;
				CLANG_WARN_BOOL_CONVERSION = YES;
				CLANG_WARN_CONSTANT_CONVERSION = YES;
				CLANG_WARN_DIRECT_OBJC_ISA_USAGE = YES_ERROR;
				CLANG_WARN_DOCUMENTATION_COMMENTS = YES;
				CLANG_WARN_EMPTY_BODY = YES;
				CLANG_WARN_ENUM_CONVERSION = YES;
				CLANG_WARN_INFINITE_RECURSION = YES;
				CLANG_WARN_INT_CONVERSION = YES;
				CLANG_WARN_OBJC_ROOT_CLASS = YES_ERROR;
				CLANG_WARN_SUSPICIOUS_MOVE = YES;
				CLANG_WARN_UNREACHABLE_CODE = YES;
				CLANG_WARN__DUPLICATE_METHOD_MATCH = YES;
				"CODE_SIGN_IDENTITY[sdk=iphoneos*]" = "iPhone Developer";
				COPY_PHASE_STRIP = NO;
				DEBUG_INFORMATION_FORMAT = "dwarf-with-dsym";
				ENABLE_NS_ASSERTIONS = NO;
				ENABLE_STRICT_OBJC_MSGSEND = YES;
				GCC_C_LANGUAGE_STANDARD = gnu99;
				GCC_NO_COMMON_BLOCKS = YES;
				GCC_WARN_64_TO_32_BIT_CONVERSION = YES;
				GCC_WARN_ABOUT_RETURN_TYPE = YES_ERROR;
				GCC_WARN_UNDECLARED_SELECTOR = YES;
				GCC_WARN_UNINITIALIZED_AUTOS = YES_AGGRESSIVE;
				GCC_WARN_UNUSED_FUNCTION = YES;
				GCC_WARN_UNUSED_VARIABLE = YES;
				IPHONEOS_DEPLOYMENT_TARGET = 10.3;
				MTL_ENABLE_DEBUG_INFO = NO;
				SDKROOT = iphoneos;
				SWIFT_OPTIMIZATION_LEVEL = "-Owholemodule";
				TARGETED_DEVICE_FAMILY = "1,2";
				VALIDATE_PRODUCT = YES;
			};
			name = Release;
		};
		18FEDDBB1F540CB000AFC0B3 /* Debug */ = {
			isa = XCBuildConfiguration;
			buildSettings = {
				ASSETCATALOG_COMPILER_APPICON_NAME = AppIcon;
				INFOPLIST_FILE = AZGradientViewSample/Info.plist;
				LD_RUNPATH_SEARCH_PATHS = "$(inherited) @executable_path/Frameworks";
				PRODUCT_BUNDLE_IDENTIFIER = me.aliazadeh.AZGradientViewSample;
				PRODUCT_NAME = "$(TARGET_NAME)";
				SWIFT_VERSION = 3.0;
			};
			name = Debug;
		};
		18FEDDBC1F540CB000AFC0B3 /* Release */ = {
			isa = XCBuildConfiguration;
			buildSettings = {
				ASSETCATALOG_COMPILER_APPICON_NAME = AppIcon;
				INFOPLIST_FILE = AZGradientViewSample/Info.plist;
				LD_RUNPATH_SEARCH_PATHS = "$(inherited) @executable_path/Frameworks";
				PRODUCT_BUNDLE_IDENTIFIER = me.aliazadeh.AZGradientViewSample;
				PRODUCT_NAME = "$(TARGET_NAME)";
				SWIFT_VERSION = 3.0;
			};
			name = Release;
		};
/* End XCBuildConfiguration section */

/* Begin XCConfigurationList section */
		18FEDDA31F540CB000AFC0B3 /* Build configuration list for PBXProject "AZGradientViewSample" */ = {
			isa = XCConfigurationList;
			buildConfigurations = (
				18FEDDB81F540CB000AFC0B3 /* Debug */,
				18FEDDB91F540CB000AFC0B3 /* Release */,
			);
			defaultConfigurationIsVisible = 0;
			defaultConfigurationName = Release;
		};
		18FEDDBA1F540CB000AFC0B3 /* Build configuration list for PBXNativeTarget "AZGradientViewSample" */ = {
			isa = XCConfigurationList;
			buildConfigurations = (
				18FEDDBB1F540CB000AFC0B3 /* Debug */,
				18FEDDBC1F540CB000AFC0B3 /* Release */,
			);
			defaultConfigurationIsVisible = 0;
		};
/* End XCConfigurationList section */
	};
	rootObject = 18FEDDA01F540CB000AFC0B3 /* Project object */;
}
